// !$*UTF8*$!
{
	archiveVersion = 1;
	classes = {
	};
	objectVersion = 56;
	objects = {

/* Begin PBXBuildFile section */
		F2B46C082B57278C00F29E14 /* AppDelegate.swift in Sources */ = {isa = PBXBuildFile; fileRef = F2B46C072B57278C00F29E14 /* AppDelegate.swift */; };
		F2B46C0A2B57278C00F29E14 /* SceneDelegate.swift in Sources */ = {isa = PBXBuildFile; fileRef = F2B46C092B57278C00F29E14 /* SceneDelegate.swift */; };
		F2B46C0C2B57278C00F29E14 /* ViewController.swift in Sources */ = {isa = PBXBuildFile; fileRef = F2B46C0B2B57278C00F29E14 /* ViewController.swift */; };
		F2B46C0F2B57278C00F29E14 /* Main.storyboard in Resources */ = {isa = PBXBuildFile; fileRef = F2B46C0D2B57278C00F29E14 /* Main.storyboard */; };
		F2B46C112B57278D00F29E14 /* Assets.xcassets in Resources */ = {isa = PBXBuildFile; fileRef = F2B46C102B57278D00F29E14 /* Assets.xcassets */; };
		F2B46C142B57278D00F29E14 /* LaunchScreen.storyboard in Resources */ = {isa = PBXBuildFile; fileRef = F2B46C122B57278D00F29E14 /* LaunchScreen.storyboard */; };
		F2B46C1D2B57286300F29E14 /* CourseiOS.xcdatamodeld in Sources */ = {isa = PBXBuildFile; fileRef = F2B46C1B2B57286300F29E14 /* CourseiOS.xcdatamodeld */; };
		F2B46C422B57317700F29E14 /* Constants.swift in Sources */ = {isa = PBXBuildFile; fileRef = F2B46C412B57317700F29E14 /* Constants.swift */; };
		F2B46C462B573A9200F29E14 /* ListBooksViewController.swift in Sources */ = {isa = PBXBuildFile; fileRef = F2B46C442B573A9200F29E14 /* ListBooksViewController.swift */; };
		F2B46C472B573A9200F29E14 /* ListBooksViewController.xib in Resources */ = {isa = PBXBuildFile; fileRef = F2B46C452B573A9200F29E14 /* ListBooksViewController.xib */; };
		F2B46C492B573CE300F29E14 /* BooksEntity.swift in Sources */ = {isa = PBXBuildFile; fileRef = F2B46C482B573CE300F29E14 /* BooksEntity.swift */; };
		F2D79B132B58805000FC9FE4 /* Utils.swift in Sources */ = {isa = PBXBuildFile; fileRef = F2D79B122B58805000FC9FE4 /* Utils.swift */; };
		F2D79B172B58841100FC9FE4 /* UpdateBookViewController.swift in Sources */ = {isa = PBXBuildFile; fileRef = F2D79B152B58841100FC9FE4 /* UpdateBookViewController.swift */; };
		F2D79B182B58841100FC9FE4 /* UpdateBookViewController.xib in Resources */ = {isa = PBXBuildFile; fileRef = F2D79B162B58841100FC9FE4 /* UpdateBookViewController.xib */; };
/* End PBXBuildFile section */

/* Begin PBXFileReference section */
		F2B46C042B57278C00F29E14 /* FourthPractice.app */ = {isa = PBXFileReference; explicitFileType = wrapper.application; includeInIndex = 0; path = FourthPractice.app; sourceTree = BUILT_PRODUCTS_DIR; };
		F2B46C072B57278C00F29E14 /* AppDelegate.swift */ = {isa = PBXFileReference; lastKnownFileType = sourcecode.swift; path = AppDelegate.swift; sourceTree = "<group>"; };
		F2B46C092B57278C00F29E14 /* SceneDelegate.swift */ = {isa = PBXFileReference; lastKnownFileType = sourcecode.swift; path = SceneDelegate.swift; sourceTree = "<group>"; };
		F2B46C0B2B57278C00F29E14 /* ViewController.swift */ = {isa = PBXFileReference; lastKnownFileType = sourcecode.swift; path = ViewController.swift; sourceTree = "<group>"; };
		F2B46C0E2B57278C00F29E14 /* Base */ = {isa = PBXFileReference; lastKnownFileType = file.storyboard; name = Base; path = Base.lproj/Main.storyboard; sourceTree = "<group>"; };
		F2B46C102B57278D00F29E14 /* Assets.xcassets */ = {isa = PBXFileReference; lastKnownFileType = folder.assetcatalog; path = Assets.xcassets; sourceTree = "<group>"; };
		F2B46C132B57278D00F29E14 /* Base */ = {isa = PBXFileReference; lastKnownFileType = file.storyboard; name = Base; path = Base.lproj/LaunchScreen.storyboard; sourceTree = "<group>"; };
		F2B46C152B57278D00F29E14 /* Info.plist */ = {isa = PBXFileReference; lastKnownFileType = text.plist.xml; path = Info.plist; sourceTree = "<group>"; };
		F2B46C1C2B57286300F29E14 /* CourseiOS.xcdatamodel */ = {isa = PBXFileReference; lastKnownFileType = wrapper.xcdatamodel; path = CourseiOS.xcdatamodel; sourceTree = "<group>"; };
		F2B46C412B57317700F29E14 /* Constants.swift */ = {isa = PBXFileReference; lastKnownFileType = sourcecode.swift; path = Constants.swift; sourceTree = "<group>"; };
		F2B46C442B573A9200F29E14 /* ListBooksViewController.swift */ = {isa = PBXFileReference; lastKnownFileType = sourcecode.swift; path = ListBooksViewController.swift; sourceTree = "<group>"; };
		F2B46C452B573A9200F29E14 /* ListBooksViewController.xib */ = {isa = PBXFileReference; lastKnownFileType = file.xib; path = ListBooksViewController.xib; sourceTree = "<group>"; };
		F2B46C482B573CE300F29E14 /* BooksEntity.swift */ = {isa = PBXFileReference; lastKnownFileType = sourcecode.swift; path = BooksEntity.swift; sourceTree = "<group>"; };
		F2D79B122B58805000FC9FE4 /* Utils.swift */ = {isa = PBXFileReference; lastKnownFileType = sourcecode.swift; path = Utils.swift; sourceTree = "<group>"; };
		F2D79B152B58841100FC9FE4 /* UpdateBookViewController.swift */ = {isa = PBXFileReference; lastKnownFileType = sourcecode.swift; path = UpdateBookViewController.swift; sourceTree = "<group>"; };
		F2D79B162B58841100FC9FE4 /* UpdateBookViewController.xib */ = {isa = PBXFileReference; lastKnownFileType = file.xib; path = UpdateBookViewController.xib; sourceTree = "<group>"; };
/* End PBXFileReference section */

/* Begin PBXFrameworksBuildPhase section */
		F2B46C012B57278C00F29E14 /* Frameworks */ = {
			isa = PBXFrameworksBuildPhase;
			buildActionMask = 2147483647;
			files = (
			);
			runOnlyForDeploymentPostprocessing = 0;
		};
/* End PBXFrameworksBuildPhase section */

/* Begin PBXGroup section */
		F2B46BFB2B57278C00F29E14 = {
			isa = PBXGroup;
			children = (
				F2B46C062B57278C00F29E14 /* FourthPractice */,
				F2B46C052B57278C00F29E14 /* Products */,
			);
			sourceTree = "<group>";
		};
		F2B46C052B57278C00F29E14 /* Products */ = {
			isa = PBXGroup;
			children = (
				F2B46C042B57278C00F29E14 /* FourthPractice.app */,
			);
			name = Products;
			sourceTree = "<group>";
		};
		F2B46C062B57278C00F29E14 /* FourthPractice */ = {
			isa = PBXGroup;
			children = (
				F2B46C072B57278C00F29E14 /* AppDelegate.swift */,
				F2B46C092B57278C00F29E14 /* SceneDelegate.swift */,
				F2B46C412B57317700F29E14 /* Constants.swift */,
				F2D79B122B58805000FC9FE4 /* Utils.swift */,
				F2B46C482B573CE300F29E14 /* BooksEntity.swift */,
				F2D79B192B58856B00FC9FE4 /* CreateBook */,
				F2D79B142B5883ED00FC9FE4 /* UpdateBook */,
				F2B46C432B573A7700F29E14 /* ListBooks */,
				F2B46C0D2B57278C00F29E14 /* Main.storyboard */,
				F2B46C1B2B57286300F29E14 /* CourseiOS.xcdatamodeld */,
				F2B46C102B57278D00F29E14 /* Assets.xcassets */,
				F2B46C122B57278D00F29E14 /* LaunchScreen.storyboard */,
				F2B46C152B57278D00F29E14 /* Info.plist */,
			);
			path = FourthPractice;
			sourceTree = "<group>";
		};
		F2B46C432B573A7700F29E14 /* ListBooks */ = {
			isa = PBXGroup;
			children = (
				F2B46C442B573A9200F29E14 /* ListBooksViewController.swift */,
				F2B46C452B573A9200F29E14 /* ListBooksViewController.xib */,
			);
			path = ListBooks;
			sourceTree = "<group>";
		};
		F2D79B142B5883ED00FC9FE4 /* UpdateBook */ = {
			isa = PBXGroup;
			children = (
				F2D79B152B58841100FC9FE4 /* UpdateBookViewController.swift */,
				F2D79B162B58841100FC9FE4 /* UpdateBookViewController.xib */,
			);
			path = UpdateBook;
			sourceTree = "<group>";
		};
		F2D79B192B58856B00FC9FE4 /* CreateBook */ = {
			isa = PBXGroup;
			children = (
				F2B46C0B2B57278C00F29E14 /* ViewController.swift */,
			);
			path = CreateBook;
			sourceTree = "<group>";
		};
/* End PBXGroup section */

/* Begin PBXNativeTarget section */
		F2B46C032B57278C00F29E14 /* FourthPractice */ = {
			isa = PBXNativeTarget;
			buildConfigurationList = F2B46C182B57278D00F29E14 /* Build configuration list for PBXNativeTarget "FourthPractice" */;
			buildPhases = (
				F2B46C002B57278C00F29E14 /* Sources */,
				F2B46C012B57278C00F29E14 /* Frameworks */,
				F2B46C022B57278C00F29E14 /* Resources */,
			);
			buildRules = (
			);
			dependencies = (
			);
			name = FourthPractice;
			productName = FourthPractice;
			productReference = F2B46C042B57278C00F29E14 /* FourthPractice.app */;
			productType = "com.apple.product-type.application";
		};
/* End PBXNativeTarget section */

/* Begin PBXProject section */
		F2B46BFC2B57278C00F29E14 /* Project object */ = {
			isa = PBXProject;
			attributes = {
				BuildIndependentTargetsInParallel = 1;
				LastSwiftUpdateCheck = 1430;
				LastUpgradeCheck = 1430;
				TargetAttributes = {
					F2B46C032B57278C00F29E14 = {
						CreatedOnToolsVersion = 14.3.1;
					};
				};
			};
			buildConfigurationList = F2B46BFF2B57278C00F29E14 /* Build configuration list for PBXProject "FourthPractice" */;
			compatibilityVersion = "Xcode 14.0";
			developmentRegion = en;
			hasScannedForEncodings = 0;
			knownRegions = (
				en,
				Base,
			);
			mainGroup = F2B46BFB2B57278C00F29E14;
			productRefGroup = F2B46C052B57278C00F29E14 /* Products */;
			projectDirPath = "";
			projectRoot = "";
			targets = (
				F2B46C032B57278C00F29E14 /* FourthPractice */,
			);
		};
/* End PBXProject section */

/* Begin PBXResourcesBuildPhase section */
		F2B46C022B57278C00F29E14 /* Resources */ = {
			isa = PBXResourcesBuildPhase;
			buildActionMask = 2147483647;
			files = (
				F2B46C142B57278D00F29E14 /* LaunchScreen.storyboard in Resources */,
				F2B46C472B573A9200F29E14 /* ListBooksViewController.xib in Resources */,
				F2B46C112B57278D00F29E14 /* Assets.xcassets in Resources */,
				F2B46C0F2B57278C00F29E14 /* Main.storyboard in Resources */,
				F2D79B182B58841100FC9FE4 /* UpdateBookViewController.xib in Resources */,
			);
			runOnlyForDeploymentPostprocessing = 0;
		};
/* End PBXResourcesBuildPhase section */

/* Begin PBXSourcesBuildPhase section */
		F2B46C002B57278C00F29E14 /* Sources */ = {
			isa = PBXSourcesBuildPhase;
			buildActionMask = 2147483647;
			files = (
				F2B46C422B57317700F29E14 /* Constants.swift in Sources */,
				F2B46C0C2B57278C00F29E14 /* ViewController.swift in Sources */,
				F2B46C082B57278C00F29E14 /* AppDelegate.swift in Sources */,
				F2B46C462B573A9200F29E14 /* ListBooksViewController.swift in Sources */,
				F2D79B172B58841100FC9FE4 /* UpdateBookViewController.swift in Sources */,
				F2B46C1D2B57286300F29E14 /* CourseiOS.xcdatamodeld in Sources */,
				F2B46C0A2B57278C00F29E14 /* SceneDelegate.swift in Sources */,
				F2B46C492B573CE300F29E14 /* BooksEntity.swift in Sources */,
				F2D79B132B58805000FC9FE4 /* Utils.swift in Sources */,
			);
			runOnlyForDeploymentPostprocessing = 0;
		};
/* End PBXSourcesBuildPhase section */

/* Begin PBXVariantGroup section */
		F2B46C0D2B57278C00F29E14 /* Main.storyboard */ = {
			isa = PBXVariantGroup;
			children = (
				F2B46C0E2B57278C00F29E14 /* Base */,
			);
			name = Main.storyboard;
			sourceTree = "<group>";
		};
		F2B46C122B57278D00F29E14 /* LaunchScreen.storyboard */ = {
			isa = PBXVariantGroup;
			children = (
				F2B46C132B57278D00F29E14 /* Base */,
			);
			name = LaunchScreen.storyboard;
			sourceTree = "<group>";
		};
/* End PBXVariantGroup section */

/* Begin XCBuildConfiguration section */
		F2B46C162B57278D00F29E14 /* Debug */ = {
			isa = XCBuildConfiguration;
			buildSettings = {
				ALWAYS_SEARCH_USER_PATHS = NO;
				CLANG_ANALYZER_NONNULL = YES;
				CLANG_ANALYZER_NUMBER_OBJECT_CONVERSION = YES_AGGRESSIVE;
				CLANG_CXX_LANGUAGE_STANDARD = "gnu++20";
				CLANG_ENABLE_MODULES = YES;
				CLANG_ENABLE_OBJC_ARC = YES;
				CLANG_ENABLE_OBJC_WEAK = YES;
				CLANG_WARN_BLOCK_CAPTURE_AUTORELEASING = YES;
				CLANG_WARN_BOOL_CONVERSION = YES;
				CLANG_WARN_COMMA = YES;
				CLANG_WARN_CONSTANT_CONVERSION = YES;
				CLANG_WARN_DEPRECATED_OBJC_IMPLEMENTATIONS = YES;
				CLANG_WARN_DIRECT_OBJC_ISA_USAGE = YES_ERROR;
				CLANG_WARN_DOCUMENTATION_COMMENTS = YES;
				CLANG_WARN_EMPTY_BODY = YES;
				CLANG_WARN_ENUM_CONVERSION = YES;
				CLANG_WARN_INFINITE_RECURSION = YES;
				CLANG_WARN_INT_CONVERSION = YES;
				CLANG_WARN_NON_LITERAL_NULL_CONVERSION = YES;
				CLANG_WARN_OBJC_IMPLICIT_RETAIN_SELF = YES;
				CLANG_WARN_OBJC_LITERAL_CONVERSION = YES;
				CLANG_WARN_OBJC_ROOT_CLASS = YES_ERROR;
				CLANG_WARN_QUOTED_INCLUDE_IN_FRAMEWORK_HEADER = YES;
				CLANG_WARN_RANGE_LOOP_ANALYSIS = YES;
				CLANG_WARN_STRICT_PROTOTYPES = YES;
				CLANG_WARN_SUSPICIOUS_MOVE = YES;
				CLANG_WARN_UNGUARDED_AVAILABILITY = YES_AGGRESSIVE;
				CLANG_WARN_UNREACHABLE_CODE = YES;
				CLANG_WARN__DUPLICATE_METHOD_MATCH = YES;
				COPY_PHASE_STRIP = NO;
				DEBUG_INFORMATION_FORMAT = dwarf;
				ENABLE_STRICT_OBJC_MSGSEND = YES;
				ENABLE_TESTABILITY = YES;
				GCC_C_LANGUAGE_STANDARD = gnu11;
				GCC_DYNAMIC_NO_PIC = NO;
				GCC_NO_COMMON_BLOCKS = YES;
				GCC_OPTIMIZATION_LEVEL = 0;
				GCC_PREPROCESSOR_DEFINITIONS = (
					"DEBUG=1",
					"$(inherited)",
				);
				GCC_WARN_64_TO_32_BIT_CONVERSION = YES;
				GCC_WARN_ABOUT_RETURN_TYPE = YES_ERROR;
				GCC_WARN_UNDECLARED_SELECTOR = YES;
				GCC_WARN_UNINITIALIZED_AUTOS = YES_AGGRESSIVE;
				GCC_WARN_UNUSED_FUNCTION = YES;
				GCC_WARN_UNUSED_VARIABLE = YES;
				IPHONEOS_DEPLOYMENT_TARGET = 16.4;
				MTL_ENABLE_DEBUG_INFO = INCLUDE_SOURCE;
				MTL_FAST_MATH = YES;
				ONLY_ACTIVE_ARCH = YES;
				SDKROOT = iphoneos;
				SWIFT_ACTIVE_COMPILATION_CONDITIONS = DEBUG;
				SWIFT_OPTIMIZATION_LEVEL = "-Onone";
			};
			name = Debug;
		};
		F2B46C172B57278D00F29E14 /* Release */ = {
			isa = XCBuildConfiguration;
			buildSettings = {
				ALWAYS_SEARCH_USER_PATHS = NO;
				CLANG_ANALYZER_NONNULL = YES;
				CLANG_ANALYZER_NUMBER_OBJECT_CONVERSION = YES_AGGRESSIVE;
				CLANG_CXX_LANGUAGE_STANDARD = "gnu++20";
				CLANG_ENABLE_MODULES = YES;
				CLANG_ENABLE_OBJC_ARC = YES;
				CLANG_ENABLE_OBJC_WEAK = YES;
				CLANG_WARN_BLOCK_CAPTURE_AUTORELEASING = YES;
				CLANG_WARN_BOOL_CONVERSION = YES;
				CLANG_WARN_COMMA = YES;
				CLANG_WARN_CONSTANT_CONVERSION = YES;
				CLANG_WARN_DEPRECATED_OBJC_IMPLEMENTATIONS = YES;
				CLANG_WARN_DIRECT_OBJC_ISA_USAGE = YES_ERROR;
				CLANG_WARN_DOCUMENTATION_COMMENTS = YES;
				CLANG_WARN_EMPTY_BODY = YES;
				CLANG_WARN_ENUM_CONVERSION = YES;
				CLANG_WARN_INFINITE_RECURSION = YES;
				CLANG_WARN_INT_CONVERSION = YES;
				CLANG_WARN_NON_LITERAL_NULL_CONVERSION = YES;
				CLANG_WARN_OBJC_IMPLICIT_RETAIN_SELF = YES;
				CLANG_WARN_OBJC_LITERAL_CONVERSION = YES;
				CLANG_WARN_OBJC_ROOT_CLASS = YES_ERROR;
				CLANG_WARN_QUOTED_INCLUDE_IN_FRAMEWORK_HEADER = YES;
				CLANG_WARN_RANGE_LOOP_ANALYSIS = YES;
				CLANG_WARN_STRICT_PROTOTYPES = YES;
				CLANG_WARN_SUSPICIOUS_MOVE = YES;
				CLANG_WARN_UNGUARDED_AVAILABILITY = YES_AGGRESSIVE;
				CLANG_WARN_UNREACHABLE_CODE = YES;
				CLANG_WARN__DUPLICATE_METHOD_MATCH = YES;
				COPY_PHASE_STRIP = NO;
				DEBUG_INFORMATION_FORMAT = "dwarf-with-dsym";
				ENABLE_NS_ASSERTIONS = NO;
				ENABLE_STRICT_OBJC_MSGSEND = YES;
				GCC_C_LANGUAGE_STANDARD = gnu11;
				GCC_NO_COMMON_BLOCKS = YES;
				GCC_WARN_64_TO_32_BIT_CONVERSION = YES;
				GCC_WARN_ABOUT_RETURN_TYPE = YES_ERROR;
				GCC_WARN_UNDECLARED_SELECTOR = YES;
				GCC_WARN_UNINITIALIZED_AUTOS = YES_AGGRESSIVE;
				GCC_WARN_UNUSED_FUNCTION = YES;
				GCC_WARN_UNUSED_VARIABLE = YES;
				IPHONEOS_DEPLOYMENT_TARGET = 16.4;
				MTL_ENABLE_DEBUG_INFO = NO;
				MTL_FAST_MATH = YES;
				SDKROOT = iphoneos;
				SWIFT_COMPILATION_MODE = wholemodule;
				SWIFT_OPTIMIZATION_LEVEL = "-O";
				VALIDATE_PRODUCT = YES;
			};
			name = Release;
		};
		F2B46C192B57278D00F29E14 /* Debug */ = {
			isa = XCBuildConfiguration;
			buildSettings = {
				ASSETCATALOG_COMPILER_APPICON_NAME = AppIcon;
				ASSETCATALOG_COMPILER_GLOBAL_ACCENT_COLOR_NAME = AccentColor;
				CODE_SIGN_STYLE = Automatic;
				CURRENT_PROJECT_VERSION = 1;
				DEVELOPMENT_TEAM = MC2W678MVZ;
				GENERATE_INFOPLIST_FILE = YES;
				INFOPLIST_FILE = FourthPractice/Info.plist;
				INFOPLIST_KEY_UIApplicationSupportsIndirectInputEvents = YES;
				INFOPLIST_KEY_UILaunchStoryboardName = LaunchScreen;
				INFOPLIST_KEY_UIMainStoryboardFile = Main;
				INFOPLIST_KEY_UISupportedInterfaceOrientations_iPad = "UIInterfaceOrientationPortrait UIInterfaceOrientationPortraitUpsideDown UIInterfaceOrientationLandscapeLeft UIInterfaceOrientationLandscapeRight";
				INFOPLIST_KEY_UISupportedInterfaceOrientations_iPhone = "UIInterfaceOrientationPortrait UIInterfaceOrientationLandscapeLeft UIInterfaceOrientationLandscapeRight";
				LD_RUNPATH_SEARCH_PATHS = (
					"$(inherited)",
					"@executable_path/Frameworks",
				);
				MARKETING_VERSION = 1.0;
				PRODUCT_BUNDLE_IDENTIFIER = com.nut.FourthPractice;
				PRODUCT_NAME = "$(TARGET_NAME)";
				SWIFT_EMIT_LOC_STRINGS = YES;
				SWIFT_VERSION = 5.0;
				TARGETED_DEVICE_FAMILY = "1,2";
			};
			name = Debug;
		};
		F2B46C1A2B57278D00F29E14 /* Release */ = {
			isa = XCBuildConfiguration;
			buildSettings = {
				ASSETCATALOG_COMPILER_APPICON_NAME = AppIcon;
				ASSETCATALOG_COMPILER_GLOBAL_ACCENT_COLOR_NAME = AccentColor;
				CODE_SIGN_STYLE = Automatic;
				CURRENT_PROJECT_VERSION = 1;
				DEVELOPMENT_TEAM = MC2W678MVZ;
				GENERATE_INFOPLIST_FILE = YES;
				INFOPLIST_FILE = FourthPractice/Info.plist;
				INFOPLIST_KEY_UIApplicationSupportsIndirectInputEvents = YES;
				INFOPLIST_KEY_UILaunchStoryboardName = LaunchScreen;
				INFOPLIST_KEY_UIMainStoryboardFile = Main;
				INFOPLIST_KEY_UISupportedInterfaceOrientations_iPad = "UIInterfaceOrientationPortrait UIInterfaceOrientationPortraitUpsideDown UIInterfaceOrientationLandscapeLeft UIInterfaceOrientationLandscapeRight";
				INFOPLIST_KEY_UISupportedInterfaceOrientations_iPhone = "UIInterfaceOrientationPortrait UIInterfaceOrientationLandscapeLeft UIInterfaceOrientationLandscapeRight";
				LD_RUNPATH_SEARCH_PATHS = (
					"$(inherited)",
					"@executable_path/Frameworks",
				);
				MARKETING_VERSION = 1.0;
				PRODUCT_BUNDLE_IDENTIFIER = com.nut.FourthPractice;
				PRODUCT_NAME = "$(TARGET_NAME)";
				SWIFT_EMIT_LOC_STRINGS = YES;
				SWIFT_VERSION = 5.0;
				TARGETED_DEVICE_FAMILY = "1,2";
			};
			name = Release;
		};
/* End XCBuildConfiguration section */

/* Begin XCConfigurationList section */
		F2B46BFF2B57278C00F29E14 /* Build configuration list for PBXProject "FourthPractice" */ = {
			isa = XCConfigurationList;
			buildConfigurations = (
				F2B46C162B57278D00F29E14 /* Debug */,
				F2B46C172B57278D00F29E14 /* Release */,
			);
			defaultConfigurationIsVisible = 0;
			defaultConfigurationName = Release;
		};
		F2B46C182B57278D00F29E14 /* Build configuration list for PBXNativeTarget "FourthPractice" */ = {
			isa = XCConfigurationList;
			buildConfigurations = (
				F2B46C192B57278D00F29E14 /* Debug */,
				F2B46C1A2B57278D00F29E14 /* Release */,
			);
			defaultConfigurationIsVisible = 0;
			defaultConfigurationName = Release;
		};
/* End XCConfigurationList section */

/* Begin XCVersionGroup section */
		F2B46C1B2B57286300F29E14 /* CourseiOS.xcdatamodeld */ = {
			isa = XCVersionGroup;
			children = (
				F2B46C1C2B57286300F29E14 /* CourseiOS.xcdatamodel */,
			);
			currentVersion = F2B46C1C2B57286300F29E14 /* CourseiOS.xcdatamodel */;
			path = CourseiOS.xcdatamodeld;
			sourceTree = "<group>";
			versionGroupType = wrapper.xcdatamodel;
		};
/* End XCVersionGroup section */
	};
	rootObject = F2B46BFC2B57278C00F29E14 /* Project object */;
}
